// !$*UTF8*$!
{
	archiveVersion = 1;
	classes = {
	};
	objectVersion = 46;
	objects = {

/* Begin PBXBuildFile section */
		84EE9ED41C26BF600041575D /* main.m in Sources */ = {isa = PBXBuildFile; fileRef = 84EE9ED31C26BF600041575D /* main.m */; };
		84EE9ED71C26BF600041575D /* AppDelegate.m in Sources */ = {isa = PBXBuildFile; fileRef = 84EE9ED61C26BF600041575D /* AppDelegate.m */; };
		84EE9EDA1C26BF600041575D /* ViewController.m in Sources */ = {isa = PBXBuildFile; fileRef = 84EE9ED91C26BF600041575D /* ViewController.m */; };
		84EE9EDD1C26BF600041575D /* Main.storyboard in Resources */ = {isa = PBXBuildFile; fileRef = 84EE9EDB1C26BF600041575D /* Main.storyboard */; };
		84EE9EDF1C26BF600041575D /* Assets.xcassets in Resources */ = {isa = PBXBuildFile; fileRef = 84EE9EDE1C26BF600041575D /* Assets.xcassets */; };
		84EE9EE21C26BF600041575D /* LaunchScreen.storyboard in Resources */ = {isa = PBXBuildFile; fileRef = 84EE9EE01C26BF600041575D /* LaunchScreen.storyboard */; };
		84EE9EED1C26BF600041575D /* _____Tests.m in Sources */ = {isa = PBXBuildFile; fileRef = 84EE9EEC1C26BF600041575D /* _____Tests.m */; };
		84EE9EF81C26BF600041575D /* _____UITests.m in Sources */ = {isa = PBXBuildFile; fileRef = 84EE9EF71C26BF600041575D /* _____UITests.m */; };
/* End PBXBuildFile section */

/* Begin PBXContainerItemProxy section */
		84EE9EE91C26BF600041575D /* PBXContainerItemProxy */ = {
			isa = PBXContainerItemProxy;
			containerPortal = 84EE9EC71C26BF600041575D /* Project object */;
			proxyType = 1;
			remoteGlobalIDString = 84EE9ECE1C26BF600041575D;
			remoteInfo = "生成二维码";
		};
		84EE9EF41C26BF600041575D /* PBXContainerItemProxy */ = {
			isa = PBXContainerItemProxy;
			containerPortal = 84EE9EC71C26BF600041575D /* Project object */;
			proxyType = 1;
			remoteGlobalIDString = 84EE9ECE1C26BF600041575D;
			remoteInfo = "生成二维码";
		};
/* End PBXContainerItemProxy section */

/* Begin PBXFileReference section */
		84EE9ECF1C26BF600041575D /* 生成二维码.app */ = {isa = PBXFileReference; explicitFileType = wrapper.application; includeInIndex = 0; path = "生成二维码.app"; sourceTree = BUILT_PRODUCTS_DIR; };
		84EE9ED31C26BF600041575D /* main.m */ = {isa = PBXFileReference; lastKnownFileType = sourcecode.c.objc; path = main.m; sourceTree = "<group>"; };
		84EE9ED51C26BF600041575D /* AppDelegate.h */ = {isa = PBXFileReference; lastKnownFileType = sourcecode.c.h; path = AppDelegate.h; sourceTree = "<group>"; };
		84EE9ED61C26BF600041575D /* AppDelegate.m */ = {isa = PBXFileReference; lastKnownFileType = sourcecode.c.objc; path = AppDelegate.m; sourceTree = "<group>"; };
		84EE9ED81C26BF600041575D /* ViewController.h */ = {isa = PBXFileReference; lastKnownFileType = sourcecode.c.h; path = ViewController.h; sourceTree = "<group>"; };
		84EE9ED91C26BF600041575D /* ViewController.m */ = {isa = PBXFileReference; lastKnownFileType = sourcecode.c.objc; path = ViewController.m; sourceTree = "<group>"; };
		84EE9EDC1C26BF600041575D /* Base */ = {isa = PBXFileReference; lastKnownFileType = file.storyboard; name = Base; path = Base.lproj/Main.storyboard; sourceTree = "<group>"; };
		84EE9EDE1C26BF600041575D /* Assets.xcassets */ = {isa = PBXFileReference; lastKnownFileType = folder.assetcatalog; path = Assets.xcassets; sourceTree = "<group>"; };
		84EE9EE11C26BF600041575D /* Base */ = {isa = PBXFileReference; lastKnownFileType = file.storyboard; name = Base; path = Base.lproj/LaunchScreen.storyboard; sourceTree = "<group>"; };
		84EE9EE31C26BF600041575D /* Info.plist */ = {isa = PBXFileReference; lastKnownFileType = text.plist.xml; path = Info.plist; sourceTree = "<group>"; };
		84EE9EE81C26BF600041575D /* 生成二维码Tests.xctest */ = {isa = PBXFileReference; explicitFileType = wrapper.cfbundle; includeInIndex = 0; path = "生成二维码Tests.xctest"; sourceTree = BUILT_PRODUCTS_DIR; };
		84EE9EEC1C26BF600041575D /* _____Tests.m */ = {isa = PBXFileReference; lastKnownFileType = sourcecode.c.objc; path = "_____Tests.m"; sourceTree = "<group>"; };
		84EE9EEE1C26BF600041575D /* Info.plist */ = {isa = PBXFileReference; lastKnownFileType = text.plist.xml; path = Info.plist; sourceTree = "<group>"; };
		84EE9EF31C26BF600041575D /* 生成二维码UITests.xctest */ = {isa = PBXFileReference; explicitFileType = wrapper.cfbundle; includeInIndex = 0; path = "生成二维码UITests.xctest"; sourceTree = BUILT_PRODUCTS_DIR; };
		84EE9EF71C26BF600041575D /* _____UITests.m */ = {isa = PBXFileReference; lastKnownFileType = sourcecode.c.objc; path = "_____UITests.m"; sourceTree = "<group>"; };
		84EE9EF91C26BF600041575D /* Info.plist */ = {isa = PBXFileReference; lastKnownFileType = text.plist.xml; path = Info.plist; sourceTree = "<group>"; };
/* End PBXFileReference section */

/* Begin PBXFrameworksBuildPhase section */
		84EE9ECC1C26BF600041575D /* Frameworks */ = {
			isa = PBXFrameworksBuildPhase;
			buildActionMask = 2147483647;
			files = (
			);
			runOnlyForDeploymentPostprocessing = 0;
		};
		84EE9EE51C26BF600041575D /* Frameworks */ = {
			isa = PBXFrameworksBuildPhase;
			buildActionMask = 2147483647;
			files = (
			);
			runOnlyForDeploymentPostprocessing = 0;
		};
		84EE9EF01C26BF600041575D /* Frameworks */ = {
			isa = PBXFrameworksBuildPhase;
			buildActionMask = 2147483647;
			files = (
			);
			runOnlyForDeploymentPostprocessing = 0;
		};
/* End PBXFrameworksBuildPhase section */

/* Begin PBXGroup section */
		84EE9EC61C26BF600041575D = {
			isa = PBXGroup;
			children = (
				84EE9ED11C26BF600041575D /* 生成二维码 */,
				84EE9EEB1C26BF600041575D /* 生成二维码Tests */,
				84EE9EF61C26BF600041575D /* 生成二维码UITests */,
				84EE9ED01C26BF600041575D /* Products */,
			);
			sourceTree = "<group>";
		};
		84EE9ED01C26BF600041575D /* Products */ = {
			isa = PBXGroup;
			children = (
				84EE9ECF1C26BF600041575D /* 生成二维码.app */,
				84EE9EE81C26BF600041575D /* 生成二维码Tests.xctest */,
				84EE9EF31C26BF600041575D /* 生成二维码UITests.xctest */,
			);
			name = Products;
			sourceTree = "<group>";
		};
		84EE9ED11C26BF600041575D /* 生成二维码 */ = {
			isa = PBXGroup;
			children = (
				84EE9ED51C26BF600041575D /* AppDelegate.h */,
				84EE9ED61C26BF600041575D /* AppDelegate.m */,
				84EE9ED81C26BF600041575D /* ViewController.h */,
				84EE9ED91C26BF600041575D /* ViewController.m */,
				84EE9EDB1C26BF600041575D /* Main.storyboard */,
				84EE9EDE1C26BF600041575D /* Assets.xcassets */,
				84EE9EE01C26BF600041575D /* LaunchScreen.storyboard */,
				84EE9EE31C26BF600041575D /* Info.plist */,
				84EE9ED21C26BF600041575D /* Supporting Files */,
			);
			path = "生成二维码";
			sourceTree = "<group>";
		};
		84EE9ED21C26BF600041575D /* Supporting Files */ = {
			isa = PBXGroup;
			children = (
				84EE9ED31C26BF600041575D /* main.m */,
			);
			name = "Supporting Files";
			sourceTree = "<group>";
		};
		84EE9EEB1C26BF600041575D /* 生成二维码Tests */ = {
			isa = PBXGroup;
			children = (
				84EE9EEC1C26BF600041575D /* _____Tests.m */,
				84EE9EEE1C26BF600041575D /* Info.plist */,
			);
			path = "生成二维码Tests";
			sourceTree = "<group>";
		};
		84EE9EF61C26BF600041575D /* 生成二维码UITests */ = {
			isa = PBXGroup;
			children = (
				84EE9EF71C26BF600041575D /* _____UITests.m */,
				84EE9EF91C26BF600041575D /* Info.plist */,
			);
			path = "生成二维码UITests";
			sourceTree = "<group>";
		};
/* End PBXGroup section */

/* Begin PBXNativeTarget section */
		84EE9ECE1C26BF600041575D /* 生成二维码 */ = {
			isa = PBXNativeTarget;
			buildConfigurationList = 84EE9EFC1C26BF600041575D /* Build configuration list for PBXNativeTarget "生成二维码" */;
			buildPhases = (
				84EE9ECB1C26BF600041575D /* Sources */,
				84EE9ECC1C26BF600041575D /* Frameworks */,
				84EE9ECD1C26BF600041575D /* Resources */,
			);
			buildRules = (
			);
			dependencies = (
			);
			name = "生成二维码";
			productName = "生成二维码";
			productReference = 84EE9ECF1C26BF600041575D /* 生成二维码.app */;
			productType = "com.apple.product-type.application";
		};
		84EE9EE71C26BF600041575D /* 生成二维码Tests */ = {
			isa = PBXNativeTarget;
			buildConfigurationList = 84EE9EFF1C26BF600041575D /* Build configuration list for PBXNativeTarget "生成二维码Tests" */;
			buildPhases = (
				84EE9EE41C26BF600041575D /* Sources */,
				84EE9EE51C26BF600041575D /* Frameworks */,
				84EE9EE61C26BF600041575D /* Resources */,
			);
			buildRules = (
			);
			dependencies = (
				84EE9EEA1C26BF600041575D /* PBXTargetDependency */,
			);
			name = "生成二维码Tests";
			productName = "生成二维码Tests";
			productReference = 84EE9EE81C26BF600041575D /* 生成二维码Tests.xctest */;
			productType = "com.apple.product-type.bundle.unit-test";
		};
		84EE9EF21C26BF600041575D /* 生成二维码UITests */ = {
			isa = PBXNativeTarget;
			buildConfigurationList = 84EE9F021C26BF600041575D /* Build configuration list for PBXNativeTarget "生成二维码UITests" */;
			buildPhases = (
				84EE9EEF1C26BF600041575D /* Sources */,
				84EE9EF01C26BF600041575D /* Frameworks */,
				84EE9EF11C26BF600041575D /* Resources */,
			);
			buildRules = (
			);
			dependencies = (
				84EE9EF51C26BF600041575D /* PBXTargetDependency */,
			);
			name = "生成二维码UITests";
			productName = "生成二维码UITests";
			productReference = 84EE9EF31C26BF600041575D /* 生成二维码UITests.xctest */;
			productType = "com.apple.product-type.bundle.ui-testing";
		};
/* End PBXNativeTarget section */

/* Begin PBXProject section */
		84EE9EC71C26BF600041575D /* Project object */ = {
			isa = PBXProject;
			attributes = {
				LastUpgradeCheck = 0720;
				ORGANIZATIONNAME = AlezJi;
				TargetAttributes = {
					84EE9ECE1C26BF600041575D = {
						CreatedOnToolsVersion = 7.2;
					};
					84EE9EE71C26BF600041575D = {
						CreatedOnToolsVersion = 7.2;
						TestTargetID = 84EE9ECE1C26BF600041575D;
					};
					84EE9EF21C26BF600041575D = {
						CreatedOnToolsVersion = 7.2;
						TestTargetID = 84EE9ECE1C26BF600041575D;
					};
				};
			};
			buildConfigurationList = 84EE9ECA1C26BF600041575D /* Build configuration list for PBXProject "生成二维码" */;
			compatibilityVersion = "Xcode 3.2";
			developmentRegion = English;
			hasScannedForEncodings = 0;
			knownRegions = (
				en,
				Base,
			);
			mainGroup = 84EE9EC61C26BF600041575D;
			productRefGroup = 84EE9ED01C26BF600041575D /* Products */;
			projectDirPath = "";
			projectRoot = "";
			targets = (
				84EE9ECE1C26BF600041575D /* 生成二维码 */,
				84EE9EE71C26BF600041575D /* 生成二维码Tests */,
				84EE9EF21C26BF600041575D /* 生成二维码UITests */,
			);
		};
/* End PBXProject section */

/* Begin PBXResourcesBuildPhase section */
		84EE9ECD1C26BF600041575D /* Resources */ = {
			isa = PBXResourcesBuildPhase;
			buildActionMask = 2147483647;
			files = (
				84EE9EE21C26BF600041575D /* LaunchScreen.storyboard in Resources */,
				84EE9EDF1C26BF600041575D /* Assets.xcassets in Resources */,
				84EE9EDD1C26BF600041575D /* Main.storyboard in Resources */,
			);
			runOnlyForDeploymentPostprocessing = 0;
		};
		84EE9EE61C26BF600041575D /* Resources */ = {
			isa = PBXResourcesBuildPhase;
			buildActionMask = 2147483647;
			files = (
			);
			runOnlyForDeploymentPostprocessing = 0;
		};
		84EE9EF11C26BF600041575D /* Resources */ = {
			isa = PBXResourcesBuildPhase;
			buildActionMask = 2147483647;
			files = (
			);
			runOnlyForDeploymentPostprocessing = 0;
		};
/* End PBXResourcesBuildPhase section */

/* Begin PBXSourcesBuildPhase section */
		84EE9ECB1C26BF600041575D /* Sources */ = {
			isa = PBXSourcesBuildPhase;
			buildActionMask = 2147483647;
			files = (
				84EE9EDA1C26BF600041575D /* ViewController.m in Sources */,
				84EE9ED71C26BF600041575D /* AppDelegate.m in Sources */,
				84EE9ED41C26BF600041575D /* main.m in Sources */,
			);
			runOnlyForDeploymentPostprocessing = 0;
		};
		84EE9EE41C26BF600041575D /* Sources */ = {
			isa = PBXSourcesBuildPhase;
			buildActionMask = 2147483647;
			files = (
				84EE9EED1C26BF600041575D /* _____Tests.m in Sources */,
			);
			runOnlyForDeploymentPostprocessing = 0;
		};
		84EE9EEF1C26BF600041575D /* Sources */ = {
			isa = PBXSourcesBuildPhase;
			buildActionMask = 2147483647;
			files = (
				84EE9EF81C26BF600041575D /* _____UITests.m in Sources */,
			);
			runOnlyForDeploymentPostprocessing = 0;
		};
/* End PBXSourcesBuildPhase section */

/* Begin PBXTargetDependency section */
		84EE9EEA1C26BF600041575D /* PBXTargetDependency */ = {
			isa = PBXTargetDependency;
			target = 84EE9ECE1C26BF600041575D /* 生成二维码 */;
			targetProxy = 84EE9EE91C26BF600041575D /* PBXContainerItemProxy */;
		};
		84EE9EF51C26BF600041575D /* PBXTargetDependency */ = {
			isa = PBXTargetDependency;
			target = 84EE9ECE1C26BF600041575D /* 生成二维码 */;
			targetProxy = 84EE9EF41C26BF600041575D /* PBXContainerItemProxy */;
		};
/* End PBXTargetDependency section */

/* Begin PBXVariantGroup section */
		84EE9EDB1C26BF600041575D /* Main.storyboard */ = {
			isa = PBXVariantGroup;
			children = (
				84EE9EDC1C26BF600041575D /* Base */,
			);
			name = Main.storyboard;
			sourceTree = "<group>";
		};
		84EE9EE01C26BF600041575D /* LaunchScreen.storyboard */ = {
			isa = PBXVariantGroup;
			children = (
				84EE9EE11C26BF600041575D /* Base */,
			);
			name = LaunchScreen.storyboard;
			sourceTree = "<group>";
		};
/* End PBXVariantGroup section */

/* Begin XCBuildConfiguration section */
		84EE9EFA1C26BF600041575D /* Debug */ = {
			isa = XCBuildConfiguration;
			buildSettings = {
				ALWAYS_SEARCH_USER_PATHS = NO;
				CLANG_CXX_LANGUAGE_STANDARD = "gnu++0x";
				CLANG_CXX_LIBRARY = "libc++";
				CLANG_ENABLE_MODULES = YES;
				CLANG_ENABLE_OBJC_ARC = YES;
				CLANG_WARN_BOOL_CONVERSION = YES;
				CLANG_WARN_CONSTANT_CONVERSION = YES;
				CLANG_WARN_DIRECT_OBJC_ISA_USAGE = YES_ERROR;
				CLANG_WARN_EMPTY_BODY = YES;
				CLANG_WARN_ENUM_CONVERSION = YES;
				CLANG_WARN_INT_CONVERSION = YES;
				CLANG_WARN_OBJC_ROOT_CLASS = YES_ERROR;
				CLANG_WARN_UNREACHABLE_CODE = YES;
				CLANG_WARN__DUPLICATE_METHOD_MATCH = YES;
				"CODE_SIGN_IDENTITY[sdk=iphoneos*]" = "iPhone Developer";
				COPY_PHASE_STRIP = NO;
				DEBUG_INFORMATION_FORMAT = dwarf;
				ENABLE_STRICT_OBJC_MSGSEND = YES;
				ENABLE_TESTABILITY = YES;
				GCC_C_LANGUAGE_STANDARD = gnu99;
				GCC_DYNAMIC_NO_PIC = NO;
				GCC_NO_COMMON_BLOCKS = YES;
				GCC_OPTIMIZATION_LEVEL = 0;
				GCC_PREPROCESSOR_DEFINITIONS = (
					"DEBUG=1",
					"$(inherited)",
				);
				GCC_WARN_64_TO_32_BIT_CONVERSION = YES;
				GCC_WARN_ABOUT_RETURN_TYPE = YES_ERROR;
				GCC_WARN_UNDECLARED_SELECTOR = YES;
				GCC_WARN_UNINITIALIZED_AUTOS = YES_AGGRESSIVE;
				GCC_WARN_UNUSED_FUNCTION = YES;
				GCC_WARN_UNUSED_VARIABLE = YES;
				IPHONEOS_DEPLOYMENT_TARGET = 9.2;
				MTL_ENABLE_DEBUG_INFO = YES;
				ONLY_ACTIVE_ARCH = YES;
				SDKROOT = iphoneos;
				TARGETED_DEVICE_FAMILY = "1,2";
			};
			name = Debug;
		};
		84EE9EFB1C26BF600041575D /* Release */ = {
			isa = XCBuildConfiguration;
			buildSettings = {
				ALWAYS_SEARCH_USER_PATHS = NO;
				CLANG_CXX_LANGUAGE_STANDARD = "gnu++0x";
				CLANG_CXX_LIBRARY = "libc++";
				CLANG_ENABLE_MODULES = YES;
				CLANG_ENABLE_OBJC_ARC = YES;
				CLANG_WARN_BOOL_CONVERSION = YES;
				CLANG_WARN_CONSTANT_CONVERSION = YES;
				CLANG_WARN_DIRECT_OBJC_ISA_USAGE = YES_ERROR;
				CLANG_WARN_EMPTY_BODY = YES;
				CLANG_WARN_ENUM_CONVERSION = YES;
				CLANG_WARN_INT_CONVERSION = YES;
				CLANG_WARN_OBJC_ROOT_CLASS = YES_ERROR;
				CLANG_WARN_UNREACHABLE_CODE = YES;
				CLANG_WARN__DUPLICATE_METHOD_MATCH = YES;
				"CODE_SIGN_IDENTITY[sdk=iphoneos*]" = "iPhone Developer";
				COPY_PHASE_STRIP = NO;
				DEBUG_INFORMATION_FORMAT = "dwarf-with-dsym";
				ENABLE_NS_ASSERTIONS = NO;
				ENABLE_STRICT_OBJC_MSGSEND = YES;
				GCC_C_LANGUAGE_STANDARD = gnu99;
				GCC_NO_COMMON_BLOCKS = YES;
				GCC_WARN_64_TO_32_BIT_CONVERSION = YES;
				GCC_WARN_ABOUT_RETURN_TYPE = YES_ERROR;
				GCC_WARN_UNDECLARED_SELECTOR = YES;
				GCC_WARN_UNINITIALIZED_AUTOS = YES_AGGRESSIVE;
				GCC_WARN_UNUSED_FUNCTION = YES;
				GCC_WARN_UNUSED_VARIABLE = YES;
				IPHONEOS_DEPLOYMENT_TARGET = 9.2;
				MTL_ENABLE_DEBUG_INFO = NO;
				SDKROOT = iphoneos;
				TARGETED_DEVICE_FAMILY = "1,2";
				VALIDATE_PRODUCT = YES;
			};
			name = Release;
		};
		84EE9EFD1C26BF600041575D /* Debug */ = {
			isa = XCBuildConfiguration;
			buildSettings = {
				ASSETCATALOG_COMPILER_APPICON_NAME = AppIcon;
				INFOPLIST_FILE = "生成二维码/Info.plist";
				LD_RUNPATH_SEARCH_PATHS = "$(inherited) @executable_path/Frameworks";
				PRODUCT_BUNDLE_IDENTIFIER = "Ji.-----";
				PRODUCT_NAME = "$(TARGET_NAME)";
			};
			name = Debug;
		};
		84EE9EFE1C26BF600041575D /* Release */ = {
			isa = XCBuildConfiguration;
			buildSettings = {
				ASSETCATALOG_COMPILER_APPICON_NAME = AppIcon;
				INFOPLIST_FILE = "生成二维码/Info.plist";
				LD_RUNPATH_SEARCH_PATHS = "$(inherited) @executable_path/Frameworks";
				PRODUCT_BUNDLE_IDENTIFIER = "Ji.-----";
				PRODUCT_NAME = "$(TARGET_NAME)";
			};
			name = Release;
		};
		84EE9F001C26BF600041575D /* Debug */ = {
			isa = XCBuildConfiguration;
			buildSettings = {
				BUNDLE_LOADER = "$(TEST_HOST)";
				INFOPLIST_FILE = "生成二维码Tests/Info.plist";
				LD_RUNPATH_SEARCH_PATHS = "$(inherited) @executable_path/Frameworks @loader_path/Frameworks";
				PRODUCT_BUNDLE_IDENTIFIER = "Ji.-----Tests";
				PRODUCT_NAME = "$(TARGET_NAME)";
				TEST_HOST = "$(BUILT_PRODUCTS_DIR)/生成二维码.app/生成二维码";
			};
			name = Debug;
		};
		84EE9F011C26BF600041575D /* Release */ = {
			isa = XCBuildConfiguration;
			buildSettings = {
				BUNDLE_LOADER = "$(TEST_HOST)";
				INFOPLIST_FILE = "生成二维码Tests/Info.plist";
				LD_RUNPATH_SEARCH_PATHS = "$(inherited) @executable_path/Frameworks @loader_path/Frameworks";
				PRODUCT_BUNDLE_IDENTIFIER = "Ji.-----Tests";
				PRODUCT_NAME = "$(TARGET_NAME)";
				TEST_HOST = "$(BUILT_PRODUCTS_DIR)/生成二维码.app/生成二维码";
			};
			name = Release;
		};
		84EE9F031C26BF600041575D /* Debug */ = {
			isa = XCBuildConfiguration;
			buildSettings = {
				INFOPLIST_FILE = "生成二维码UITests/Info.plist";
				LD_RUNPATH_SEARCH_PATHS = "$(inherited) @executable_path/Frameworks @loader_path/Frameworks";
				PRODUCT_BUNDLE_IDENTIFIER = "Ji.-----UITests";
				PRODUCT_NAME = "$(TARGET_NAME)";
				TEST_TARGET_NAME = "生成二维码";
				USES_XCTRUNNER = YES;
			};
			name = Debug;
		};
		84EE9F041C26BF600041575D /* Release */ = {
			isa = XCBuildConfiguration;
			buildSettings = {
				INFOPLIST_FILE = "生成二维码UITests/Info.plist";
				LD_RUNPATH_SEARCH_PATHS = "$(inherited) @executable_path/Frameworks @loader_path/Frameworks";
				PRODUCT_BUNDLE_IDENTIFIER = "Ji.-----UITests";
				PRODUCT_NAME = "$(TARGET_NAME)";
				TEST_TARGET_NAME = "生成二维码";
				USES_XCTRUNNER = YES;
			};
			name = Release;
		};
/* End XCBuildConfiguration section */

/* Begin XCConfigurationList section */
		84EE9ECA1C26BF600041575D /* Build configuration list for PBXProject "生成二维码" */ = {
			isa = XCConfigurationList;
			buildConfigurations = (
				84EE9EFA1C26BF600041575D /* Debug */,
				84EE9EFB1C26BF600041575D /* Release */,
			);
			defaultConfigurationIsVisible = 0;
			defaultConfigurationName = Release;
		};
		84EE9EFC1C26BF600041575D /* Build configuration list for PBXNativeTarget "生成二维码" */ = {
			isa = XCConfigurationList;
			buildConfigurations = (
				84EE9EFD1C26BF600041575D /* Debug */,
				84EE9EFE1C26BF600041575D /* Release */,
			);
			defaultConfigurationIsVisible = 0;
		};
		84EE9EFF1C26BF600041575D /* Build configuration list for PBXNativeTarget "生成二维码Tests" */ = {
			isa = XCConfigurationList;
			buildConfigurations = (
				84EE9F001C26BF600041575D /* Debug */,
				84EE9F011C26BF600041575D /* Release */,
			);
			defaultConfigurationIsVisible = 0;
		};
		84EE9F021C26BF600041575D /* Build configuration list for PBXNativeTarget "生成二维码UITests" */ = {
			isa = XCConfigurationList;
			buildConfigurations = (
				84EE9F031C26BF600041575D /* Debug */,
				84EE9F041C26BF600041575D /* Release */,
			);
			defaultConfigurationIsVisible = 0;
		};
/* End XCConfigurationList section */
	};
	rootObject = 84EE9EC71C26BF600041575D /* Project object */;
}
